{
  "nodes": {
    "hugo-profile": {
      "flake": false,
      "locked": {
        "lastModified": 1767200552,
        "narHash": "sha256-GZGAznK24wj+RC8XgcQMwR4+6/MwwwFcRfr/shdgHMk=",
        "owner": "SeineEloquenz",
        "repo": "hugo-profile",
        "rev": "fe99b38dbf54e765ea0dcfa0cfed6a757a6cf8b0",
        "type": "github"
      },
      "original": {
        "owner": "SeineEloquenz",
        "repo": "hugo-profile",
        "type": "github"
      }
    },
    "nixpkgs": {
      "locked": {
        "lastModified": 1747958103,
        "narHash": "sha256-qmmFCrfBwSHoWw7cVK4Aj+fns+c54EBP8cGqp/yK410=",
        "owner": "NixOS",
        "repo": "nixpkgs",
        "rev": "fe51d34885f7b5e3e7b59572796e1bcb427eccb1",
        "type": "github"
      },
      "original": {
        "id": "nixpkgs",
        "type": "indirect"
      }
    },
    "root": {
      "inputs": {
        "hugo-profile": "hugo-profile",
        "nixpkgs": "nixpkgs"
      }
    }
  },
  "root": "root",
  "version": 7
}
